
Microsoft Visual Studio Solution File, Format Version 12.00
# Visual Studio Version 16
VisualStudioVersion = 16.0.30517.126
MinimumVisualStudioVersion = 10.0.40219.1
Project("{FAE04EC0-301F-11D3-BF4B-00C04F79EFBC}") = "Bakery Management System", "Bakery Management System.csproj", "{243CFF25-1673-4299-BFB1-ED8CB9837711}"
EndProject
Global
	GlobalSection(SolutionConfigurationPlatforms) = preSolution
		Debug|Any CPU = Debug|Any CPU
		Release|Any CPU = Release|Any CPU
	EndGlobalSection
	GlobalSection(ProjectConfigurationPlatforms) = postSolution
		{243CFF25-1673-4299-BFB1-ED8CB9837711}.Debug|Any CPU.ActiveCfg = Debug|Any CPU
		{243CFF25-1673-4299-BFB1-ED8CB9837711}.Debug|Any CPU.Build.0 = Debug|Any CPU
		{243CFF25-1673-4299-BFB1-ED8CB9837711}.Release|Any CPU.ActiveCfg = Release|Any CPU
		{243CFF25-1673-4299-BFB1-ED8CB9837711}.Release|Any CPU.Build.0 = Release|Any CPU
	EndGlobalSection
	GlobalSection(SolutionProperties) = preSolution
		HideSolutionNode = FALSE
	EndGlobalSection
	GlobalSection(ExtensibilityGlobals) = postSolution
		SolutionGuid = {BD28ABF8-B920-4A2F-BEED-6F3950169E77}
	EndGlobalSection
EndGlobal
